
Microsoft Visual Studio Solution File, Format Version 12.00
# Visual Studio Version 17
VisualStudioVersion = 17.3.32929.385
MinimumVisualStudioVersion = 10.0.40219.1
Project("{9A19103F-16F7-4668-BE54-9A1E7A4F7556}") = "AMSInstaller", "AMSInstaller\AMSInstaller.csproj", "{BBAEB9A7-9D05-4166-AEF2-5BBBB8F9AB15}"
EndProject
Project("{FAE04EC0-301F-11D3-BF4B-00C04F79EFBC}") = "InstallerLenelOnGuard", "InstallerLenelOnGuard\InstallerLenelOnGuard.csproj", "{844177AD-567C-4612-B461-DB5ACFF7CE80}"
EndProject
Project("{FAE04EC0-301F-11D3-BF4B-00C04F79EFBC}") = "Prueba", "Prueba\Prueba.csproj", "{8D051694-6B65-456A-93DF-914A100514A3}"
EndProject
Global
	GlobalSection(SolutionConfigurationPlatforms) = preSolution
		Debug|Any CPU = Debug|Any CPU
		Release|Any CPU = Release|Any CPU
	EndGlobalSection
	GlobalSection(ProjectConfigurationPlatforms) = postSolution
		{BBAEB9A7-9D05-4166-AEF2-5BBBB8F9AB15}.Debug|Any CPU.ActiveCfg = Debug|Any CPU
		{BBAEB9A7-9D05-4166-AEF2-5BBBB8F9AB15}.Debug|Any CPU.Build.0 = Debug|Any CPU
		{BBAEB9A7-9D05-4166-AEF2-5BBBB8F9AB15}.Release|Any CPU.ActiveCfg = Release|Any CPU
		{BBAEB9A7-9D05-4166-AEF2-5BBBB8F9AB15}.Release|Any CPU.Build.0 = Release|Any CPU
		{844177AD-567C-4612-B461-DB5ACFF7CE80}.Debug|Any CPU.ActiveCfg = Debug|Any CPU
		{844177AD-567C-4612-B461-DB5ACFF7CE80}.Debug|Any CPU.Build.0 = Debug|Any CPU
		{844177AD-567C-4612-B461-DB5ACFF7CE80}.Release|Any CPU.ActiveCfg = Release|Any CPU
		{844177AD-567C-4612-B461-DB5ACFF7CE80}.Release|Any CPU.Build.0 = Release|Any CPU
		{8D051694-6B65-456A-93DF-914A100514A3}.Debug|Any CPU.ActiveCfg = Debug|Any CPU
		{8D051694-6B65-456A-93DF-914A100514A3}.Debug|Any CPU.Build.0 = Debug|Any CPU
		{8D051694-6B65-456A-93DF-914A100514A3}.Release|Any CPU.ActiveCfg = Release|Any CPU
		{8D051694-6B65-456A-93DF-914A100514A3}.Release|Any CPU.Build.0 = Release|Any CPU
	EndGlobalSection
	GlobalSection(SolutionProperties) = preSolution
		HideSolutionNode = FALSE
	EndGlobalSection
	GlobalSection(ExtensibilityGlobals) = postSolution
		SolutionGuid = {FBAE470A-1188-427E-A3FA-1ACF5A21ABB5}
	EndGlobalSection
EndGlobal
